{
  "version": 4,
  "terraform_version": "1.9.8",
  "serial": 5,
  "lineage": "f2703fd2-37c9-c819-ab3c-77ecbde3cb8b",
  "outputs": {},
  "resources": [
    {
      "mode": "managed",
      "type": "docker_image",
      "name": "mariadb_image",
      "provider": "provider[\"registry.terraform.io/kreuzwerker/docker\"]",
      "instances": [
        {
          "schema_version": 0,
          "attributes": {
            "build": [],
            "force_remove": null,
            "id": "sha256:4b8711c6c639fa9166e6a617c421e2fc43296c8add9a846fe8237b8ac9184d51mariadb:latest",
            "image_id": "sha256:4b8711c6c639fa9166e6a617c421e2fc43296c8add9a846fe8237b8ac9184d51",
            "keep_locally": null,
            "latest": "sha256:4b8711c6c639fa9166e6a617c421e2fc43296c8add9a846fe8237b8ac9184d51",
            "name": "mariadb:latest",
            "output": null,
            "pull_trigger": null,
            "pull_triggers": null,
            "repo_digest": "mariadb@sha256:4a1de8fa2a929944373d7421105500ff6f889ce90dcb883fbb2fdb070e4d427e",
            "triggers": null
          },
          "sensitive_attributes": [],
          "private": "bnVsbA=="
        }
      ]
    },
    {
      "mode": "managed",
      "type": "docker_image",
      "name": "nginx_image",
      "provider": "provider[\"registry.terraform.io/kreuzwerker/docker\"]",
      "instances": [
        {
          "schema_version": 0,
          "attributes": {
            "build": [],
            "force_remove": null,
            "id": "sha256:3b25b682ea82b2db3cc4fd48db818be788ee3f902ac7378090cf2624ec2442dfnginx:latest",
            "image_id": "sha256:3b25b682ea82b2db3cc4fd48db818be788ee3f902ac7378090cf2624ec2442df",
            "keep_locally": null,
            "latest": "sha256:3b25b682ea82b2db3cc4fd48db818be788ee3f902ac7378090cf2624ec2442df",
            "name": "nginx:latest",
            "output": null,
            "pull_trigger": null,
            "pull_triggers": null,
            "repo_digest": "nginx@sha256:28402db69fec7c17e179ea87882667f1e054391138f77ffaf0c3eb388efc3ffb",
            "triggers": null
          },
          "sensitive_attributes": [],
          "private": "bnVsbA=="
        }
      ]
    },
    {
      "mode": "managed",
      "type": "docker_image",
      "name": "php_image",
      "provider": "provider[\"registry.terraform.io/kreuzwerker/docker\"]",
      "instances": [
        {
          "schema_version": 0,
          "attributes": {
            "build": [],
            "force_remove": null,
            "id": "sha256:358fce67ed91f869b45e58cba3f7e80a984c5269e844f5559499d657f3c95656php:fpm",
            "image_id": "sha256:358fce67ed91f869b45e58cba3f7e80a984c5269e844f5559499d657f3c95656",
            "keep_locally": null,
            "latest": "sha256:358fce67ed91f869b45e58cba3f7e80a984c5269e844f5559499d657f3c95656",
            "name": "php:fpm",
            "output": null,
            "pull_trigger": null,
            "pull_triggers": null,
            "repo_digest": "php@sha256:dd5ae053b1d4d3b876b421ada919283f1302440f9ab582fdae19bbb23238002f",
            "triggers": null
          },
          "sensitive_attributes": [],
          "private": "bnVsbA=="
        }
      ]
    }
  ],
  "check_results": null
}
